// !$*UTF8*$!
{
	archiveVersion = 1;
	classes = {
	};
	objectVersion = 55;
	objects = {

/* Begin PBXBuildFile section */
		AB1D54312873694900244159 /* MessageView.swift in Sources */ = {isa = PBXBuildFile; fileRef = AB1D54302873694900244159 /* MessageView.swift */; };
		AB1D5433287372DE00244159 /* MessageRowView.swift in Sources */ = {isa = PBXBuildFile; fileRef = AB1D5432287372DE00244159 /* MessageRowView.swift */; };
		AB1D54362873876700244159 /* MessageModel.swift in Sources */ = {isa = PBXBuildFile; fileRef = AB1D54352873876700244159 /* MessageModel.swift */; };
		AB1D543828738B5500244159 /* Date+Helpers.swift in Sources */ = {isa = PBXBuildFile; fileRef = AB1D543728738B5500244159 /* Date+Helpers.swift */; };
		AB1D543A28738D9700244159 /* MessageViewModel.swift in Sources */ = {isa = PBXBuildFile; fileRef = AB1D543928738D9700244159 /* MessageViewModel.swift */; };
		AB1D543C28738F1F00244159 /* ChatView.swift in Sources */ = {isa = PBXBuildFile; fileRef = AB1D543B28738F1F00244159 /* ChatView.swift */; };
		AB33B65A286103BB00562A5B /* Location_Proximity_Notification_AppApp.swift in Sources */ = {isa = PBXBuildFile; fileRef = AB33B659286103BB00562A5B /* Location_Proximity_Notification_AppApp.swift */; };
		AB33B65C286103BB00562A5B /* ContentView.swift in Sources */ = {isa = PBXBuildFile; fileRef = AB33B65B286103BB00562A5B /* ContentView.swift */; };
		AB33B65E286103BC00562A5B /* Assets.xcassets in Resources */ = {isa = PBXBuildFile; fileRef = AB33B65D286103BC00562A5B /* Assets.xcassets */; };
		AB33B661286103BC00562A5B /* Preview Assets.xcassets in Resources */ = {isa = PBXBuildFile; fileRef = AB33B660286103BC00562A5B /* Preview Assets.xcassets */; };
		AB33B66B286103BC00562A5B /* Location_Proximity_Notification_AppTests.swift in Sources */ = {isa = PBXBuildFile; fileRef = AB33B66A286103BC00562A5B /* Location_Proximity_Notification_AppTests.swift */; };
		AB33B675286103BC00562A5B /* Location_Proximity_Notification_AppUITests.swift in Sources */ = {isa = PBXBuildFile; fileRef = AB33B674286103BC00562A5B /* Location_Proximity_Notification_AppUITests.swift */; };
		AB33B677286103BC00562A5B /* Location_Proximity_Notification_AppUITestsLaunchTests.swift in Sources */ = {isa = PBXBuildFile; fileRef = AB33B676286103BC00562A5B /* Location_Proximity_Notification_AppUITestsLaunchTests.swift */; };
		AB33B684286112AE00562A5B /* User.swift in Sources */ = {isa = PBXBuildFile; fileRef = AB33B683286112AE00562A5B /* User.swift */; };
		AB33B68828611E1300562A5B /* LocationManager.swift in Sources */ = {isa = PBXBuildFile; fileRef = AB33B68728611E1300562A5B /* LocationManager.swift */; };
		AB33B68B2861321C00562A5B /* NotificationManager.swift in Sources */ = {isa = PBXBuildFile; fileRef = AB33B68A2861321C00562A5B /* NotificationManager.swift */; };
		AB33B68E28624FCF00562A5B /* FirebaseAuth in Frameworks */ = {isa = PBXBuildFile; productRef = AB33B68D28624FCF00562A5B /* FirebaseAuth */; };
		AB33B69028624FCF00562A5B /* FirebaseFirestore in Frameworks */ = {isa = PBXBuildFile; productRef = AB33B68F28624FCF00562A5B /* FirebaseFirestore */; };
		AB33B6922862503900562A5B /* GoogleService-Info.plist in Resources */ = {isa = PBXBuildFile; fileRef = AB33B6912862503900562A5B /* GoogleService-Info.plist */; };
		AB33B6962862647400562A5B /* LoginView.swift in Sources */ = {isa = PBXBuildFile; fileRef = AB33B6952862647400562A5B /* LoginView.swift */; };
		AB33B6982862675B00562A5B /* HomeView.swift in Sources */ = {isa = PBXBuildFile; fileRef = AB33B6972862675A00562A5B /* HomeView.swift */; };
		AB33B69A286267AA00562A5B /* MapView.swift in Sources */ = {isa = PBXBuildFile; fileRef = AB33B699286267AA00562A5B /* MapView.swift */; };
		AB33B69C2862738B00562A5B /* SignUpView.swift in Sources */ = {isa = PBXBuildFile; fileRef = AB33B69B2862738B00562A5B /* SignUpView.swift */; };
		AB33B6A1286296AB00562A5B /* LoginViewModel.swift in Sources */ = {isa = PBXBuildFile; fileRef = AB33B6A0286296AB00562A5B /* LoginViewModel.swift */; };
		AB33B6B228662FB400562A5B /* ProfileView.swift in Sources */ = {isa = PBXBuildFile; fileRef = AB33B6B128662FB400562A5B /* ProfileView.swift */; };
		AB33B6B42866306F00562A5B /* WelcomeView.swift in Sources */ = {isa = PBXBuildFile; fileRef = AB33B6B32866306F00562A5B /* WelcomeView.swift */; };
/* End PBXBuildFile section */

/* Begin PBXContainerItemProxy section */
		AB33B667286103BC00562A5B /* PBXContainerItemProxy */ = {
			isa = PBXContainerItemProxy;
			containerPortal = AB33B64E286103BB00562A5B /* Project object */;
			proxyType = 1;
			remoteGlobalIDString = AB33B655286103BB00562A5B;
			remoteInfo = "Location Proximity Notification App";
		};
		AB33B671286103BC00562A5B /* PBXContainerItemProxy */ = {
			isa = PBXContainerItemProxy;
			containerPortal = AB33B64E286103BB00562A5B /* Project object */;
			proxyType = 1;
			remoteGlobalIDString = AB33B655286103BB00562A5B;
			remoteInfo = "Location Proximity Notification App";
		};
/* End PBXContainerItemProxy section */

/* Begin PBXFileReference section */
		AB1D54302873694900244159 /* MessageView.swift */ = {isa = PBXFileReference; lastKnownFileType = sourcecode.swift; path = MessageView.swift; sourceTree = "<group>"; };
		AB1D5432287372DE00244159 /* MessageRowView.swift */ = {isa = PBXFileReference; lastKnownFileType = sourcecode.swift; path = MessageRowView.swift; sourceTree = "<group>"; };
		AB1D54352873876700244159 /* MessageModel.swift */ = {isa = PBXFileReference; lastKnownFileType = sourcecode.swift; path = MessageModel.swift; sourceTree = "<group>"; };
		AB1D543728738B5500244159 /* Date+Helpers.swift */ = {isa = PBXFileReference; lastKnownFileType = sourcecode.swift; path = "Date+Helpers.swift"; sourceTree = "<group>"; };
		AB1D543928738D9700244159 /* MessageViewModel.swift */ = {isa = PBXFileReference; lastKnownFileType = sourcecode.swift; path = MessageViewModel.swift; sourceTree = "<group>"; };
		AB1D543B28738F1F00244159 /* ChatView.swift */ = {isa = PBXFileReference; lastKnownFileType = sourcecode.swift; path = ChatView.swift; sourceTree = "<group>"; };
		AB33B656286103BB00562A5B /* Location Proximity Notification App.app */ = {isa = PBXFileReference; explicitFileType = wrapper.application; includeInIndex = 0; path = "Location Proximity Notification App.app"; sourceTree = BUILT_PRODUCTS_DIR; };
		AB33B659286103BB00562A5B /* Location_Proximity_Notification_AppApp.swift */ = {isa = PBXFileReference; lastKnownFileType = sourcecode.swift; path = Location_Proximity_Notification_AppApp.swift; sourceTree = "<group>"; };
		AB33B65B286103BB00562A5B /* ContentView.swift */ = {isa = PBXFileReference; lastKnownFileType = sourcecode.swift; path = ContentView.swift; sourceTree = "<group>"; };
		AB33B65D286103BC00562A5B /* Assets.xcassets */ = {isa = PBXFileReference; lastKnownFileType = folder.assetcatalog; path = Assets.xcassets; sourceTree = "<group>"; };
		AB33B660286103BC00562A5B /* Preview Assets.xcassets */ = {isa = PBXFileReference; lastKnownFileType = folder.assetcatalog; path = "Preview Assets.xcassets"; sourceTree = "<group>"; };
		AB33B666286103BC00562A5B /* Location Proximity Notification AppTests.xctest */ = {isa = PBXFileReference; explicitFileType = wrapper.cfbundle; includeInIndex = 0; path = "Location Proximity Notification AppTests.xctest"; sourceTree = BUILT_PRODUCTS_DIR; };
		AB33B66A286103BC00562A5B /* Location_Proximity_Notification_AppTests.swift */ = {isa = PBXFileReference; lastKnownFileType = sourcecode.swift; path = Location_Proximity_Notification_AppTests.swift; sourceTree = "<group>"; };
		AB33B670286103BC00562A5B /* Location Proximity Notification AppUITests.xctest */ = {isa = PBXFileReference; explicitFileType = wrapper.cfbundle; includeInIndex = 0; path = "Location Proximity Notification AppUITests.xctest"; sourceTree = BUILT_PRODUCTS_DIR; };
		AB33B674286103BC00562A5B /* Location_Proximity_Notification_AppUITests.swift */ = {isa = PBXFileReference; lastKnownFileType = sourcecode.swift; path = Location_Proximity_Notification_AppUITests.swift; sourceTree = "<group>"; };
		AB33B676286103BC00562A5B /* Location_Proximity_Notification_AppUITestsLaunchTests.swift */ = {isa = PBXFileReference; lastKnownFileType = sourcecode.swift; path = Location_Proximity_Notification_AppUITestsLaunchTests.swift; sourceTree = "<group>"; };
		AB33B683286112AE00562A5B /* User.swift */ = {isa = PBXFileReference; lastKnownFileType = sourcecode.swift; path = User.swift; sourceTree = "<group>"; };
		AB33B68728611E1300562A5B /* LocationManager.swift */ = {isa = PBXFileReference; lastKnownFileType = sourcecode.swift; path = LocationManager.swift; sourceTree = "<group>"; };
		AB33B68A2861321C00562A5B /* NotificationManager.swift */ = {isa = PBXFileReference; lastKnownFileType = sourcecode.swift; path = NotificationManager.swift; sourceTree = "<group>"; };
		AB33B6912862503900562A5B /* GoogleService-Info.plist */ = {isa = PBXFileReference; fileEncoding = 4; lastKnownFileType = text.plist.xml; name = "GoogleService-Info.plist"; path = "../../../../Downloads/GoogleService-Info.plist"; sourceTree = "<group>"; };
		AB33B6952862647400562A5B /* LoginView.swift */ = {isa = PBXFileReference; lastKnownFileType = sourcecode.swift; path = LoginView.swift; sourceTree = "<group>"; };
		AB33B6972862675A00562A5B /* HomeView.swift */ = {isa = PBXFileReference; lastKnownFileType = sourcecode.swift; path = HomeView.swift; sourceTree = "<group>"; };
		AB33B699286267AA00562A5B /* MapView.swift */ = {isa = PBXFileReference; lastKnownFileType = sourcecode.swift; path = MapView.swift; sourceTree = "<group>"; };
		AB33B69B2862738B00562A5B /* SignUpView.swift */ = {isa = PBXFileReference; lastKnownFileType = sourcecode.swift; path = SignUpView.swift; sourceTree = "<group>"; };
		AB33B6A0286296AB00562A5B /* LoginViewModel.swift */ = {isa = PBXFileReference; lastKnownFileType = sourcecode.swift; path = LoginViewModel.swift; sourceTree = "<group>"; };
		AB33B6B128662FB400562A5B /* ProfileView.swift */ = {isa = PBXFileReference; lastKnownFileType = sourcecode.swift; path = ProfileView.swift; sourceTree = "<group>"; };
		AB33B6B32866306F00562A5B /* WelcomeView.swift */ = {isa = PBXFileReference; lastKnownFileType = sourcecode.swift; path = WelcomeView.swift; sourceTree = "<group>"; };
/* End PBXFileReference section */

/* Begin PBXFrameworksBuildPhase section */
		AB33B653286103BB00562A5B /* Frameworks */ = {
			isa = PBXFrameworksBuildPhase;
			buildActionMask = 2147483647;
			files = (
				AB33B68E28624FCF00562A5B /* FirebaseAuth in Frameworks */,
				AB33B69028624FCF00562A5B /* FirebaseFirestore in Frameworks */,
			);
			runOnlyForDeploymentPostprocessing = 0;
		};
		AB33B663286103BC00562A5B /* Frameworks */ = {
			isa = PBXFrameworksBuildPhase;
			buildActionMask = 2147483647;
			files = (
			);
			runOnlyForDeploymentPostprocessing = 0;
		};
		AB33B66D286103BC00562A5B /* Frameworks */ = {
			isa = PBXFrameworksBuildPhase;
			buildActionMask = 2147483647;
			files = (
			);
			runOnlyForDeploymentPostprocessing = 0;
		};
/* End PBXFrameworksBuildPhase section */

/* Begin PBXGroup section */
		AB1D54342873875100244159 /* Message */ = {
			isa = PBXGroup;
			children = (
				AB1D54352873876700244159 /* MessageModel.swift */,
				AB1D543728738B5500244159 /* Date+Helpers.swift */,
			);
			path = Message;
			sourceTree = "<group>";
		};
		AB33B64D286103BB00562A5B = {
			isa = PBXGroup;
			children = (
				AB33B658286103BB00562A5B /* App */,
				AB33B669286103BC00562A5B /* Unit Tests */,
				AB33B673286103BC00562A5B /* UI Tests */,
				AB33B657286103BB00562A5B /* Products */,
			);
			sourceTree = "<group>";
		};
		AB33B657286103BB00562A5B /* Products */ = {
			isa = PBXGroup;
			children = (
				AB33B656286103BB00562A5B /* Location Proximity Notification App.app */,
				AB33B666286103BC00562A5B /* Location Proximity Notification AppTests.xctest */,
				AB33B670286103BC00562A5B /* Location Proximity Notification AppUITests.xctest */,
			);
			name = Products;
			sourceTree = "<group>";
		};
		AB33B658286103BB00562A5B /* App */ = {
			isa = PBXGroup;
			children = (
				AB1D54342873875100244159 /* Message */,
				AB33B69F2862960D00562A5B /* ViewModel */,
				AB33B69E2862765700562A5B /* Manager */,
				AB33B69D2862764600562A5B /* View */,
				AB33B659286103BB00562A5B /* Location_Proximity_Notification_AppApp.swift */,
				AB33B65D286103BC00562A5B /* Assets.xcassets */,
				AB33B65F286103BC00562A5B /* Preview Content */,
				AB33B683286112AE00562A5B /* User.swift */,
				AB33B6912862503900562A5B /* GoogleService-Info.plist */,
			);
			path = App;
			sourceTree = "<group>";
		};
		AB33B65F286103BC00562A5B /* Preview Content */ = {
			isa = PBXGroup;
			children = (
				AB33B660286103BC00562A5B /* Preview Assets.xcassets */,
			);
			name = "Preview Content";
			path = "../Preview Content";
			sourceTree = "<group>";
		};
		AB33B669286103BC00562A5B /* Unit Tests */ = {
			isa = PBXGroup;
			children = (
				AB33B66A286103BC00562A5B /* Location_Proximity_Notification_AppTests.swift */,
			);
			path = "Unit Tests";
			sourceTree = "<group>";
		};
		AB33B673286103BC00562A5B /* UI Tests */ = {
			isa = PBXGroup;
			children = (
				AB33B674286103BC00562A5B /* Location_Proximity_Notification_AppUITests.swift */,
				AB33B676286103BC00562A5B /* Location_Proximity_Notification_AppUITestsLaunchTests.swift */,
			);
			path = "UI Tests";
			sourceTree = "<group>";
		};
		AB33B69D2862764600562A5B /* View */ = {
			isa = PBXGroup;
			children = (
				AB33B65B286103BB00562A5B /* ContentView.swift */,
				AB33B6952862647400562A5B /* LoginView.swift */,
				AB33B6972862675A00562A5B /* HomeView.swift */,
				AB33B699286267AA00562A5B /* MapView.swift */,
				AB33B69B2862738B00562A5B /* SignUpView.swift */,
				AB33B6B128662FB400562A5B /* ProfileView.swift */,
				AB33B6B32866306F00562A5B /* WelcomeView.swift */,
				AB1D54302873694900244159 /* MessageView.swift */,
				AB1D5432287372DE00244159 /* MessageRowView.swift */,
				AB1D543B28738F1F00244159 /* ChatView.swift */,
			);
			path = View;
			sourceTree = "<group>";
		};
		AB33B69E2862765700562A5B /* Manager */ = {
			isa = PBXGroup;
			children = (
				AB33B68728611E1300562A5B /* LocationManager.swift */,
				AB33B68A2861321C00562A5B /* NotificationManager.swift */,
			);
			path = Manager;
			sourceTree = "<group>";
		};
		AB33B69F2862960D00562A5B /* ViewModel */ = {
			isa = PBXGroup;
			children = (
				AB33B6A0286296AB00562A5B /* LoginViewModel.swift */,
				AB1D543928738D9700244159 /* MessageViewModel.swift */,
			);
			path = ViewModel;
			sourceTree = "<group>";
		};
/* End PBXGroup section */

/* Begin PBXNativeTarget section */
		AB33B655286103BB00562A5B /* Location Proximity Notification App */ = {
			isa = PBXNativeTarget;
			buildConfigurationList = AB33B67A286103BC00562A5B /* Build configuration list for PBXNativeTarget "Location Proximity Notification App" */;
			buildPhases = (
				AB33B652286103BB00562A5B /* Sources */,
				AB33B653286103BB00562A5B /* Frameworks */,
				AB33B654286103BB00562A5B /* Resources */,
			);
			buildRules = (
			);
			dependencies = (
			);
			name = "Location Proximity Notification App";
			packageProductDependencies = (
				AB33B68D28624FCF00562A5B /* FirebaseAuth */,
				AB33B68F28624FCF00562A5B /* FirebaseFirestore */,
			);
			productName = "Location Proximity Notification App";
			productReference = AB33B656286103BB00562A5B /* Location Proximity Notification App.app */;
			productType = "com.apple.product-type.application";
		};
		AB33B665286103BC00562A5B /* Location Proximity Notification AppTests */ = {
			isa = PBXNativeTarget;
			buildConfigurationList = AB33B67D286103BC00562A5B /* Build configuration list for PBXNativeTarget "Location Proximity Notification AppTests" */;
			buildPhases = (
				AB33B662286103BC00562A5B /* Sources */,
				AB33B663286103BC00562A5B /* Frameworks */,
				AB33B664286103BC00562A5B /* Resources */,
			);
			buildRules = (
			);
			dependencies = (
				AB33B668286103BC00562A5B /* PBXTargetDependency */,
			);
			name = "Location Proximity Notification AppTests";
			productName = "Location Proximity Notification AppTests";
			productReference = AB33B666286103BC00562A5B /* Location Proximity Notification AppTests.xctest */;
			productType = "com.apple.product-type.bundle.unit-test";
		};
		AB33B66F286103BC00562A5B /* Location Proximity Notification AppUITests */ = {
			isa = PBXNativeTarget;
			buildConfigurationList = AB33B680286103BC00562A5B /* Build configuration list for PBXNativeTarget "Location Proximity Notification AppUITests" */;
			buildPhases = (
				AB33B66C286103BC00562A5B /* Sources */,
				AB33B66D286103BC00562A5B /* Frameworks */,
				AB33B66E286103BC00562A5B /* Resources */,
			);
			buildRules = (
			);
			dependencies = (
				AB33B672286103BC00562A5B /* PBXTargetDependency */,
			);
			name = "Location Proximity Notification AppUITests";
			productName = "Location Proximity Notification AppUITests";
			productReference = AB33B670286103BC00562A5B /* Location Proximity Notification AppUITests.xctest */;
			productType = "com.apple.product-type.bundle.ui-testing";
		};
/* End PBXNativeTarget section */

/* Begin PBXProject section */
		AB33B64E286103BB00562A5B /* Project object */ = {
			isa = PBXProject;
			attributes = {
				BuildIndependentTargetsInParallel = 1;
				LastSwiftUpdateCheck = 1340;
				LastUpgradeCheck = 1340;
				TargetAttributes = {
					AB33B655286103BB00562A5B = {
						CreatedOnToolsVersion = 13.4.1;
					};
					AB33B665286103BC00562A5B = {
						CreatedOnToolsVersion = 13.4.1;
						TestTargetID = AB33B655286103BB00562A5B;
					};
					AB33B66F286103BC00562A5B = {
						CreatedOnToolsVersion = 13.4.1;
						TestTargetID = AB33B655286103BB00562A5B;
					};
				};
			};
			buildConfigurationList = AB33B651286103BB00562A5B /* Build configuration list for PBXProject "Location Proximity Notification App" */;
			compatibilityVersion = "Xcode 13.0";
			developmentRegion = en;
			hasScannedForEncodings = 0;
			knownRegions = (
				en,
				Base,
			);
			mainGroup = AB33B64D286103BB00562A5B;
			packageReferences = (
				AB33B68C28624FCF00562A5B /* XCRemoteSwiftPackageReference "firebase-ios-sdk" */,
			);
			productRefGroup = AB33B657286103BB00562A5B /* Products */;
			projectDirPath = "";
			projectRoot = "";
			targets = (
				AB33B655286103BB00562A5B /* Location Proximity Notification App */,
				AB33B665286103BC00562A5B /* Location Proximity Notification AppTests */,
				AB33B66F286103BC00562A5B /* Location Proximity Notification AppUITests */,
			);
		};
/* End PBXProject section */

/* Begin PBXResourcesBuildPhase section */
		AB33B654286103BB00562A5B /* Resources */ = {
			isa = PBXResourcesBuildPhase;
			buildActionMask = 2147483647;
			files = (
				AB33B661286103BC00562A5B /* Preview Assets.xcassets in Resources */,
				AB33B65E286103BC00562A5B /* Assets.xcassets in Resources */,
				AB33B6922862503900562A5B /* GoogleService-Info.plist in Resources */,
			);
			runOnlyForDeploymentPostprocessing = 0;
		};
		AB33B664286103BC00562A5B /* Resources */ = {
			isa = PBXResourcesBuildPhase;
			buildActionMask = 2147483647;
			files = (
			);
			runOnlyForDeploymentPostprocessing = 0;
		};
		AB33B66E286103BC00562A5B /* Resources */ = {
			isa = PBXResourcesBuildPhase;
			buildActionMask = 2147483647;
			files = (
			);
			runOnlyForDeploymentPostprocessing = 0;
		};
/* End PBXResourcesBuildPhase section */

/* Begin PBXSourcesBuildPhase section */
		AB33B652286103BB00562A5B /* Sources */ = {
			isa = PBXSourcesBuildPhase;
			buildActionMask = 2147483647;
			files = (
				AB33B68828611E1300562A5B /* LocationManager.swift in Sources */,
				AB33B69A286267AA00562A5B /* MapView.swift in Sources */,
				AB33B6982862675B00562A5B /* HomeView.swift in Sources */,
				AB33B65C286103BB00562A5B /* ContentView.swift in Sources */,
				AB1D543C28738F1F00244159 /* ChatView.swift in Sources */,
				AB33B68B2861321C00562A5B /* NotificationManager.swift in Sources */,
				AB1D54312873694900244159 /* MessageView.swift in Sources */,
				AB33B65A286103BB00562A5B /* Location_Proximity_Notification_AppApp.swift in Sources */,
				AB1D5433287372DE00244159 /* MessageRowView.swift in Sources */,
				AB33B6962862647400562A5B /* LoginView.swift in Sources */,
				AB1D543A28738D9700244159 /* MessageViewModel.swift in Sources */,
				AB1D543828738B5500244159 /* Date+Helpers.swift in Sources */,
				AB33B6B42866306F00562A5B /* WelcomeView.swift in Sources */,
				AB1D54362873876700244159 /* MessageModel.swift in Sources */,
				AB33B69C2862738B00562A5B /* SignUpView.swift in Sources */,
				AB33B6A1286296AB00562A5B /* LoginViewModel.swift in Sources */,
				AB33B6B228662FB400562A5B /* ProfileView.swift in Sources */,
				AB33B684286112AE00562A5B /* User.swift in Sources */,
			);
			runOnlyForDeploymentPostprocessing = 0;
		};
		AB33B662286103BC00562A5B /* Sources */ = {
			isa = PBXSourcesBuildPhase;
			buildActionMask = 2147483647;
			files = (
				AB33B66B286103BC00562A5B /* Location_Proximity_Notification_AppTests.swift in Sources */,
			);
			runOnlyForDeploymentPostprocessing = 0;
		};
		AB33B66C286103BC00562A5B /* Sources */ = {
			isa = PBXSourcesBuildPhase;
			buildActionMask = 2147483647;
			files = (
				AB33B677286103BC00562A5B /* Location_Proximity_Notification_AppUITestsLaunchTests.swift in Sources */,
				AB33B675286103BC00562A5B /* Location_Proximity_Notification_AppUITests.swift in Sources */,
			);
			runOnlyForDeploymentPostprocessing = 0;
		};
/* End PBXSourcesBuildPhase section */

/* Begin PBXTargetDependency section */
		AB33B668286103BC00562A5B /* PBXTargetDependency */ = {
			isa = PBXTargetDependency;
			target = AB33B655286103BB00562A5B /* Location Proximity Notification App */;
			targetProxy = AB33B667286103BC00562A5B /* PBXContainerItemProxy */;
		};
		AB33B672286103BC00562A5B /* PBXTargetDependency */ = {
			isa = PBXTargetDependency;
			target = AB33B655286103BB00562A5B /* Location Proximity Notification App */;
			targetProxy = AB33B671286103BC00562A5B /* PBXContainerItemProxy */;
		};
/* End PBXTargetDependency section */

/* Begin XCBuildConfiguration section */
		AB33B678286103BC00562A5B /* Debug */ = {
			isa = XCBuildConfiguration;
			buildSettings = {
				ALWAYS_SEARCH_USER_PATHS = NO;
				CLANG_ANALYZER_NONNULL = YES;
				CLANG_ANALYZER_NUMBER_OBJECT_CONVERSION = YES_AGGRESSIVE;
				CLANG_CXX_LANGUAGE_STANDARD = "gnu++17";
				CLANG_ENABLE_MODULES = YES;
				CLANG_ENABLE_OBJC_ARC = YES;
				CLANG_ENABLE_OBJC_WEAK = YES;
				CLANG_WARN_BLOCK_CAPTURE_AUTORELEASING = YES;
				CLANG_WARN_BOOL_CONVERSION = YES;
				CLANG_WARN_COMMA = YES;
				CLANG_WARN_CONSTANT_CONVERSION = YES;
				CLANG_WARN_DEPRECATED_OBJC_IMPLEMENTATIONS = YES;
				CLANG_WARN_DIRECT_OBJC_ISA_USAGE = YES_ERROR;
				CLANG_WARN_DOCUMENTATION_COMMENTS = YES;
				CLANG_WARN_EMPTY_BODY = YES;
				CLANG_WARN_ENUM_CONVERSION = YES;
				CLANG_WARN_INFINITE_RECURSION = YES;
				CLANG_WARN_INT_CONVERSION = YES;
				CLANG_WARN_NON_LITERAL_NULL_CONVERSION = YES;
				CLANG_WARN_OBJC_IMPLICIT_RETAIN_SELF = YES;
				CLANG_WARN_OBJC_LITERAL_CONVERSION = YES;
				CLANG_WARN_OBJC_ROOT_CLASS = YES_ERROR;
				CLANG_WARN_QUOTED_INCLUDE_IN_FRAMEWORK_HEADER = YES;
				CLANG_WARN_RANGE_LOOP_ANALYSIS = YES;
				CLANG_WARN_STRICT_PROTOTYPES = YES;
				CLANG_WARN_SUSPICIOUS_MOVE = YES;
				CLANG_WARN_UNGUARDED_AVAILABILITY = YES_AGGRESSIVE;
				CLANG_WARN_UNREACHABLE_CODE = YES;
				CLANG_WARN__DUPLICATE_METHOD_MATCH = YES;
				COPY_PHASE_STRIP = NO;
				DEBUG_INFORMATION_FORMAT = dwarf;
				ENABLE_STRICT_OBJC_MSGSEND = YES;
				ENABLE_TESTABILITY = YES;
				GCC_C_LANGUAGE_STANDARD = gnu11;
				GCC_DYNAMIC_NO_PIC = NO;
				GCC_NO_COMMON_BLOCKS = YES;
				GCC_OPTIMIZATION_LEVEL = 0;
				GCC_PREPROCESSOR_DEFINITIONS = (
					"DEBUG=1",
					"$(inherited)",
				);
				GCC_WARN_64_TO_32_BIT_CONVERSION = YES;
				GCC_WARN_ABOUT_RETURN_TYPE = YES_ERROR;
				GCC_WARN_UNDECLARED_SELECTOR = YES;
				GCC_WARN_UNINITIALIZED_AUTOS = YES_AGGRESSIVE;
				GCC_WARN_UNUSED_FUNCTION = YES;
				GCC_WARN_UNUSED_VARIABLE = YES;
				IPHONEOS_DEPLOYMENT_TARGET = 15.5;
				MTL_ENABLE_DEBUG_INFO = INCLUDE_SOURCE;
				MTL_FAST_MATH = YES;
				ONLY_ACTIVE_ARCH = YES;
				SDKROOT = iphoneos;
				SWIFT_ACTIVE_COMPILATION_CONDITIONS = DEBUG;
				SWIFT_OPTIMIZATION_LEVEL = "-Onone";
			};
			name = Debug;
		};
		AB33B679286103BC00562A5B /* Release */ = {
			isa = XCBuildConfiguration;
			buildSettings = {
				ALWAYS_SEARCH_USER_PATHS = NO;
				CLANG_ANALYZER_NONNULL = YES;
				CLANG_ANALYZER_NUMBER_OBJECT_CONVERSION = YES_AGGRESSIVE;
				CLANG_CXX_LANGUAGE_STANDARD = "gnu++17";
				CLANG_ENABLE_MODULES = YES;
				CLANG_ENABLE_OBJC_ARC = YES;
				CLANG_ENABLE_OBJC_WEAK = YES;
				CLANG_WARN_BLOCK_CAPTURE_AUTORELEASING = YES;
				CLANG_WARN_BOOL_CONVERSION = YES;
				CLANG_WARN_COMMA = YES;
				CLANG_WARN_CONSTANT_CONVERSION = YES;
				CLANG_WARN_DEPRECATED_OBJC_IMPLEMENTATIONS = YES;
				CLANG_WARN_DIRECT_OBJC_ISA_USAGE = YES_ERROR;
				CLANG_WARN_DOCUMENTATION_COMMENTS = YES;
				CLANG_WARN_EMPTY_BODY = YES;
				CLANG_WARN_ENUM_CONVERSION = YES;
				CLANG_WARN_INFINITE_RECURSION = YES;
				CLANG_WARN_INT_CONVERSION = YES;
				CLANG_WARN_NON_LITERAL_NULL_CONVERSION = YES;
				CLANG_WARN_OBJC_IMPLICIT_RETAIN_SELF = YES;
				CLANG_WARN_OBJC_LITERAL_CONVERSION = YES;
				CLANG_WARN_OBJC_ROOT_CLASS = YES_ERROR;
				CLANG_WARN_QUOTED_INCLUDE_IN_FRAMEWORK_HEADER = YES;
				CLANG_WARN_RANGE_LOOP_ANALYSIS = YES;
				CLANG_WARN_STRICT_PROTOTYPES = YES;
				CLANG_WARN_SUSPICIOUS_MOVE = YES;
				CLANG_WARN_UNGUARDED_AVAILABILITY = YES_AGGRESSIVE;
				CLANG_WARN_UNREACHABLE_CODE = YES;
				CLANG_WARN__DUPLICATE_METHOD_MATCH = YES;
				COPY_PHASE_STRIP = NO;
				DEBUG_INFORMATION_FORMAT = "dwarf-with-dsym";
				ENABLE_NS_ASSERTIONS = NO;
				ENABLE_STRICT_OBJC_MSGSEND = YES;
				GCC_C_LANGUAGE_STANDARD = gnu11;
				GCC_NO_COMMON_BLOCKS = YES;
				GCC_WARN_64_TO_32_BIT_CONVERSION = YES;
				GCC_WARN_ABOUT_RETURN_TYPE = YES_ERROR;
				GCC_WARN_UNDECLARED_SELECTOR = YES;
				GCC_WARN_UNINITIALIZED_AUTOS = YES_AGGRESSIVE;
				GCC_WARN_UNUSED_FUNCTION = YES;
				GCC_WARN_UNUSED_VARIABLE = YES;
				IPHONEOS_DEPLOYMENT_TARGET = 15.5;
				MTL_ENABLE_DEBUG_INFO = NO;
				MTL_FAST_MATH = YES;
				SDKROOT = iphoneos;
				SWIFT_COMPILATION_MODE = wholemodule;
				SWIFT_OPTIMIZATION_LEVEL = "-O";
				VALIDATE_PRODUCT = YES;
			};
			name = Release;
		};
		AB33B67B286103BC00562A5B /* Debug */ = {
			isa = XCBuildConfiguration;
			buildSettings = {
				ASSETCATALOG_COMPILER_APPICON_NAME = AppIcon;
				ASSETCATALOG_COMPILER_GLOBAL_ACCENT_COLOR_NAME = AccentColor;
				CODE_SIGN_STYLE = Automatic;
				CURRENT_PROJECT_VERSION = 1;
				DEVELOPMENT_ASSET_PATHS = "\"App/Preview Content\"";
				DEVELOPMENT_TEAM = 2BWGQ32QG7;
				ENABLE_PREVIEWS = YES;
				GENERATE_INFOPLIST_FILE = YES;
				INFOPLIST_FILE = "Location-Proximity-Notification-App-Info.plist";
				INFOPLIST_KEY_NSFaceIDUsageDescription = "Quick Access to Application with Face ID";
				INFOPLIST_KEY_NSLocationAlwaysAndWhenInUseUsageDescription = "Location in need of usage";
				INFOPLIST_KEY_NSLocationWhenInUseUsageDescription = "Location in need of usage";
				INFOPLIST_KEY_UIApplicationSceneManifest_Generation = YES;
				INFOPLIST_KEY_UIApplicationSupportsIndirectInputEvents = YES;
				INFOPLIST_KEY_UILaunchScreen_Generation = YES;
				INFOPLIST_KEY_UISupportedInterfaceOrientations_iPad = "UIInterfaceOrientationPortrait UIInterfaceOrientationPortraitUpsideDown UIInterfaceOrientationLandscapeLeft UIInterfaceOrientationLandscapeRight";
				INFOPLIST_KEY_UISupportedInterfaceOrientations_iPhone = "UIInterfaceOrientationPortrait UIInterfaceOrientationLandscapeLeft UIInterfaceOrientationLandscapeRight";
				LD_RUNPATH_SEARCH_PATHS = (
					"$(inherited)",
					"@executable_path/Frameworks",
				);
				MARKETING_VERSION = 1.0;
				PRODUCT_BUNDLE_IDENTIFIER = "com.DukeWu.Location-Proximity-Notification-App";
				PRODUCT_NAME = "$(TARGET_NAME)";
				SWIFT_EMIT_LOC_STRINGS = YES;
				SWIFT_VERSION = 5.0;
				TARGETED_DEVICE_FAMILY = "1,2";
			};
			name = Debug;
		};
		AB33B67C286103BC00562A5B /* Release */ = {
			isa = XCBuildConfiguration;
			buildSettings = {
				ASSETCATALOG_COMPILER_APPICON_NAME = AppIcon;
				ASSETCATALOG_COMPILER_GLOBAL_ACCENT_COLOR_NAME = AccentColor;
				CODE_SIGN_STYLE = Automatic;
				CURRENT_PROJECT_VERSION = 1;
				DEVELOPMENT_ASSET_PATHS = "\"App/Preview Content\"";
				DEVELOPMENT_TEAM = 2BWGQ32QG7;
				ENABLE_PREVIEWS = YES;
				GENERATE_INFOPLIST_FILE = YES;
				INFOPLIST_FILE = "Location-Proximity-Notification-App-Info.plist";
				INFOPLIST_KEY_NSFaceIDUsageDescription = "Quick Access to Application with Face ID";
				INFOPLIST_KEY_NSLocationAlwaysAndWhenInUseUsageDescription = "Location in need of usage";
				INFOPLIST_KEY_NSLocationWhenInUseUsageDescription = "Location in need of usage";
				INFOPLIST_KEY_UIApplicationSceneManifest_Generation = YES;
				INFOPLIST_KEY_UIApplicationSupportsIndirectInputEvents = YES;
				INFOPLIST_KEY_UILaunchScreen_Generation = YES;
				INFOPLIST_KEY_UISupportedInterfaceOrientations_iPad = "UIInterfaceOrientationPortrait UIInterfaceOrientationPortraitUpsideDown UIInterfaceOrientationLandscapeLeft UIInterfaceOrientationLandscapeRight";
				INFOPLIST_KEY_UISupportedInterfaceOrientations_iPhone = "UIInterfaceOrientationPortrait UIInterfaceOrientationLandscapeLeft UIInterfaceOrientationLandscapeRight";
				LD_RUNPATH_SEARCH_PATHS = (
					"$(inherited)",
					"@executable_path/Frameworks",
				);
				MARKETING_VERSION = 1.0;
				PRODUCT_BUNDLE_IDENTIFIER = "com.DukeWu.Location-Proximity-Notification-App";
				PRODUCT_NAME = "$(TARGET_NAME)";
				SWIFT_EMIT_LOC_STRINGS = YES;
				SWIFT_VERSION = 5.0;
				TARGETED_DEVICE_FAMILY = "1,2";
			};
			name = Release;
		};
		AB33B67E286103BC00562A5B /* Debug */ = {
			isa = XCBuildConfiguration;
			buildSettings = {
				ALWAYS_EMBED_SWIFT_STANDARD_LIBRARIES = YES;
				BUNDLE_LOADER = "$(TEST_HOST)";
				CODE_SIGN_STYLE = Automatic;
				CURRENT_PROJECT_VERSION = 1;
				DEVELOPMENT_TEAM = VQ65A33ENA;
				GENERATE_INFOPLIST_FILE = YES;
				IPHONEOS_DEPLOYMENT_TARGET = 15.5;
				MARKETING_VERSION = 1.0;
				PRODUCT_BUNDLE_IDENTIFIER = "com.DukeWu.Location-Proximity-Notification-AppTests";
				PRODUCT_NAME = "$(TARGET_NAME)";
				SWIFT_EMIT_LOC_STRINGS = NO;
				SWIFT_VERSION = 5.0;
				TARGETED_DEVICE_FAMILY = "1,2";
				TEST_HOST = "$(BUILT_PRODUCTS_DIR)/Location Proximity Notification App.app/Location Proximity Notification App";
			};
			name = Debug;
		};
		AB33B67F286103BC00562A5B /* Release */ = {
			isa = XCBuildConfiguration;
			buildSettings = {
				ALWAYS_EMBED_SWIFT_STANDARD_LIBRARIES = YES;
				BUNDLE_LOADER = "$(TEST_HOST)";
				CODE_SIGN_STYLE = Automatic;
				CURRENT_PROJECT_VERSION = 1;
				DEVELOPMENT_TEAM = VQ65A33ENA;
				GENERATE_INFOPLIST_FILE = YES;
				IPHONEOS_DEPLOYMENT_TARGET = 15.5;
				MARKETING_VERSION = 1.0;
				PRODUCT_BUNDLE_IDENTIFIER = "com.DukeWu.Location-Proximity-Notification-AppTests";
				PRODUCT_NAME = "$(TARGET_NAME)";
				SWIFT_EMIT_LOC_STRINGS = NO;
				SWIFT_VERSION = 5.0;
				TARGETED_DEVICE_FAMILY = "1,2";
				TEST_HOST = "$(BUILT_PRODUCTS_DIR)/Location Proximity Notification App.app/Location Proximity Notification App";
			};
			name = Release;
		};
		AB33B681286103BC00562A5B /* Debug */ = {
			isa = XCBuildConfiguration;
			buildSettings = {
				ALWAYS_EMBED_SWIFT_STANDARD_LIBRARIES = YES;
				CODE_SIGN_STYLE = Automatic;
				CURRENT_PROJECT_VERSION = 1;
				DEVELOPMENT_TEAM = VQ65A33ENA;
				GENERATE_INFOPLIST_FILE = YES;
				MARKETING_VERSION = 1.0;
				PRODUCT_BUNDLE_IDENTIFIER = "com.DukeWu.Location-Proximity-Notification-AppUITests";
				PRODUCT_NAME = "$(TARGET_NAME)";
				SWIFT_EMIT_LOC_STRINGS = NO;
				SWIFT_VERSION = 5.0;
				TARGETED_DEVICE_FAMILY = "1,2";
				TEST_TARGET_NAME = "Location Proximity Notification App";
			};
			name = Debug;
		};
		AB33B682286103BC00562A5B /* Release */ = {
			isa = XCBuildConfiguration;
			buildSettings = {
				ALWAYS_EMBED_SWIFT_STANDARD_LIBRARIES = YES;
				CODE_SIGN_STYLE = Automatic;
				CURRENT_PROJECT_VERSION = 1;
				DEVELOPMENT_TEAM = VQ65A33ENA;
				GENERATE_INFOPLIST_FILE = YES;
				MARKETING_VERSION = 1.0;
				PRODUCT_BUNDLE_IDENTIFIER = "com.DukeWu.Location-Proximity-Notification-AppUITests";
				PRODUCT_NAME = "$(TARGET_NAME)";
				SWIFT_EMIT_LOC_STRINGS = NO;
				SWIFT_VERSION = 5.0;
				TARGETED_DEVICE_FAMILY = "1,2";
				TEST_TARGET_NAME = "Location Proximity Notification App";
			};
			name = Release;
		};
/* End XCBuildConfiguration section */

/* Begin XCConfigurationList section */
		AB33B651286103BB00562A5B /* Build configuration list for PBXProject "Location Proximity Notification App" */ = {
			isa = XCConfigurationList;
			buildConfigurations = (
				AB33B678286103BC00562A5B /* Debug */,
				AB33B679286103BC00562A5B /* Release */,
			);
			defaultConfigurationIsVisible = 0;
			defaultConfigurationName = Release;
		};
		AB33B67A286103BC00562A5B /* Build configuration list for PBXNativeTarget "Location Proximity Notification App" */ = {
			isa = XCConfigurationList;
			buildConfigurations = (
				AB33B67B286103BC00562A5B /* Debug */,
				AB33B67C286103BC00562A5B /* Release */,
			);
			defaultConfigurationIsVisible = 0;
			defaultConfigurationName = Release;
		};
		AB33B67D286103BC00562A5B /* Build configuration list for PBXNativeTarget "Location Proximity Notification AppTests" */ = {
			isa = XCConfigurationList;
			buildConfigurations = (
				AB33B67E286103BC00562A5B /* Debug */,
				AB33B67F286103BC00562A5B /* Release */,
			);
			defaultConfigurationIsVisible = 0;
			defaultConfigurationName = Release;
		};
		AB33B680286103BC00562A5B /* Build configuration list for PBXNativeTarget "Location Proximity Notification AppUITests" */ = {
			isa = XCConfigurationList;
			buildConfigurations = (
				AB33B681286103BC00562A5B /* Debug */,
				AB33B682286103BC00562A5B /* Release */,
			);
			defaultConfigurationIsVisible = 0;
			defaultConfigurationName = Release;
		};
/* End XCConfigurationList section */

/* Begin XCRemoteSwiftPackageReference section */
		AB33B68C28624FCF00562A5B /* XCRemoteSwiftPackageReference "firebase-ios-sdk" */ = {
			isa = XCRemoteSwiftPackageReference;
			repositoryURL = "https://github.com/firebase/firebase-ios-sdk.git";
			requirement = {
				kind = upToNextMajorVersion;
				minimumVersion = 9.0.0;
			};
		};
/* End XCRemoteSwiftPackageReference section */

/* Begin XCSwiftPackageProductDependency section */
		AB33B68D28624FCF00562A5B /* FirebaseAuth */ = {
			isa = XCSwiftPackageProductDependency;
			package = AB33B68C28624FCF00562A5B /* XCRemoteSwiftPackageReference "firebase-ios-sdk" */;
			productName = FirebaseAuth;
		};
		AB33B68F28624FCF00562A5B /* FirebaseFirestore */ = {
			isa = XCSwiftPackageProductDependency;
			package = AB33B68C28624FCF00562A5B /* XCRemoteSwiftPackageReference "firebase-ios-sdk" */;
			productName = FirebaseFirestore;
		};
/* End XCSwiftPackageProductDependency section */
	};
	rootObject = AB33B64E286103BB00562A5B /* Project object */;
}
